
Microsoft Visual Studio Solution File, Format Version 12.00
Project("{FAE04EC0-301F-11D3-BF4B-00C04F79EFBC}") = "OneLIS.Printer", "OneLIS.Printer\OneLIS.Printer.csproj", "{6DB358BF-AF2F-4081-9E50-0037C84DE77D}"
EndProject
Project("{FAE04EC0-301F-11D3-BF4B-00C04F79EFBC}") = "Console", "Console\Console.csproj", "{1359E79C-7C3F-4821-BA6D-86BC8F7A377E}"
EndProject
Global
	GlobalSection(SolutionConfigurationPlatforms) = preSolution
		Debug|Any CPU = Debug|Any CPU
		Release|Any CPU = Release|Any CPU
	EndGlobalSection
	GlobalSection(ProjectConfigurationPlatforms) = postSolution
		{6DB358BF-AF2F-4081-9E50-0037C84DE77D}.Debug|Any CPU.ActiveCfg = Debug|Any CPU
		{6DB358BF-AF2F-4081-9E50-0037C84DE77D}.Debug|Any CPU.Build.0 = Debug|Any CPU
		{6DB358BF-AF2F-4081-9E50-0037C84DE77D}.Release|Any CPU.ActiveCfg = Release|Any CPU
		{6DB358BF-AF2F-4081-9E50-0037C84DE77D}.Release|Any CPU.Build.0 = Release|Any CPU
		{1359E79C-7C3F-4821-BA6D-86BC8F7A377E}.Debug|Any CPU.ActiveCfg = Debug|Any CPU
		{1359E79C-7C3F-4821-BA6D-86BC8F7A377E}.Debug|Any CPU.Build.0 = Debug|Any CPU
		{1359E79C-7C3F-4821-BA6D-86BC8F7A377E}.Release|Any CPU.ActiveCfg = Release|Any CPU
		{1359E79C-7C3F-4821-BA6D-86BC8F7A377E}.Release|Any CPU.Build.0 = Release|Any CPU
	EndGlobalSection
EndGlobal
